
Microsoft Visual Studio Solution File, Format Version 12.00
# Visual Studio Version 16
VisualStudioVersion = 16.0.29806.167
MinimumVisualStudioVersion = 10.0.40219.1
Project("{FAE04EC0-301F-11D3-BF4B-00C04F79EFBC}") = "beginningCollectionsAndArrays", "beginningCollectionsAndArrays\beginningCollectionsAndArrays.csproj", "{2FFC78F4-49FC-4191-B4DB-18A0A7860ECC}"
EndProject
Global
	GlobalSection(SolutionConfigurationPlatforms) = preSolution
		Debug|Any CPU = Debug|Any CPU
		Release|Any CPU = Release|Any CPU
	EndGlobalSection
	GlobalSection(ProjectConfigurationPlatforms) = postSolution
		{2FFC78F4-49FC-4191-B4DB-18A0A7860ECC}.Debug|Any CPU.ActiveCfg = Debug|Any CPU
		{2FFC78F4-49FC-4191-B4DB-18A0A7860ECC}.Debug|Any CPU.Build.0 = Debug|Any CPU
		{2FFC78F4-49FC-4191-B4DB-18A0A7860ECC}.Release|Any CPU.ActiveCfg = Release|Any CPU
		{2FFC78F4-49FC-4191-B4DB-18A0A7860ECC}.Release|Any CPU.Build.0 = Release|Any CPU
	EndGlobalSection
	GlobalSection(SolutionProperties) = preSolution
		HideSolutionNode = FALSE
	EndGlobalSection
	GlobalSection(ExtensibilityGlobals) = postSolution
		SolutionGuid = {B3679C9E-0AE1-403B-BB29-C563E666822E}
	EndGlobalSection
EndGlobal
